# THIS IS AN AUTOGENERATED FILE. DO NOT EDIT THIS FILE DIRECTLY.
# yarn lockfile v1


"@babel/helper-string-parser@^7.24.8":
  version "7.24.8"
  resolved "https://registry.yarnpkg.com/@babel/helper-string-parser/-/helper-string-parser-7.24.8.tgz#5b3329c9a58803d5df425e5785865881a81ca48d"
  integrity sha512-pO9KhhRcuUyGnJWwyEgnRJTSIZHiT+vMD0kPeD+so0l7mxkMT19g3pjY9GTnHySck/hDzq+dtW/4VgnMkippsQ==

"@babel/helper-validator-identifier@^7.24.7":
  version "7.24.7"
  resolved "https://registry.yarnpkg.com/@babel/helper-validator-identifier/-/helper-validator-identifier-7.24.7.tgz#75b889cfaf9e35c2aaf42cf0d72c8e91719251db"
  integrity sha512-rR+PBcQ1SMQDDyF6X0wxtG8QyLCgUB0eRAGguqRLfkCA87l7yAP7ehq8SNj96OOGTO8OBV70KhuFYcIkHXOg0w==

"@babel/parser@^7.16.4":
  version "7.17.0"
  resolved "https://registry.yarnpkg.com/@babel/parser/-/parser-7.17.0.tgz#f0ac33eddbe214e4105363bb17c3341c5ffcc43c"
  integrity sha512-VKXSCQx5D8S04ej+Dqsr1CzYvvWgf20jIw2D+YhQCrIlr2UZGaDds23Y0xg75/skOxpLCRpUZvk/1EAVkGoDOw==

"@babel/parser@^7.25.3":
  version "7.25.6"
  resolved "https://registry.yarnpkg.com/@babel/parser/-/parser-7.25.6.tgz#85660c5ef388cbbf6e3d2a694ee97a38f18afe2f"
  integrity sha512-trGdfBdbD0l1ZPmcJ83eNxB9rbEax4ALFTF7fN386TMYbeCQbyme5cOEXQhbGXKebwGaB/J52w1mrklMcbgy6Q==
  dependencies:
    "@babel/types" "^7.25.6"

"@babel/types@^7.25.6":
  version "7.25.6"
  resolved "https://registry.yarnpkg.com/@babel/types/-/types-7.25.6.tgz#893942ddb858f32ae7a004ec9d3a76b3463ef8e6"
  integrity sha512-/l42B1qxpG6RdfYf343Uw1vmDjeNhneUXtzhojE7pDgfpEypmRhI6j1kr17XCVv4Cgl9HdAiQY2x0GwKm7rWCw==
  dependencies:
    "@babel/helper-string-parser" "^7.24.8"
    "@babel/helper-validator-identifier" "^7.24.7"
    to-fast-properties "^2.0.0"

"@jridgewell/sourcemap-codec@^1.5.0":
  version "1.5.0"
  resolved "https://registry.yarnpkg.com/@jridgewell/sourcemap-codec/-/sourcemap-codec-1.5.0.tgz#3188bcb273a414b0d215fd22a58540b989b9409a"
  integrity sha512-gv3ZRaISU3fjPAgNsriBRqGWQL6quFx04YMPW/zD8XMLsU32mhCCbfbO6KZFLjvYpCZ8zyDEgqsgf+PwPaM7GQ==

"@oxc-project/types@=0.148.0":
  version "0.148.0"
  resolved "https://registry.yarnpkg.com/@oxc-project/types/-/types-0.148.0.tgz#811d188a2e1af35784461b8a0490e13a3d76837c"
  integrity sha512-Nm4s/jB+4FpFsPhWGEC4h7rzksesmtnMXomo6rCMcg/b8zLQuOziRgkCS1fxDCXOlJB/6Q8oABOZ/OP6RIPj9A==

"@rolldown/binding-android-arm-eabi@1.2.7":
  version "1.2.7"
  resolved "https://registry.yarnpkg.com/@rolldown/binding-android-arm-eabi/-/binding-android-arm-eabi-1.2.7.tgz#9a0f9b6752ed522254f3715e81c066e5da6de9a9"
  integrity sha512-EypzgnYCwyVY4NDHKzGmNJT5b+XaQEBniHxsMdeIQLB/tcCzZnhqrzHpZFbX9iaxx+5RiB8caATBtfvZP7zVxQ==

"@rolldown/binding-android-arm64@1.2.7":
  version "1.2.7"
  resolved "https://registry.yarnpkg.com/@rolldown/binding-android-arm64/-/binding-android-arm64-1.2.7.tgz#bbc5a5e39deaa1cca5658d073b8c74b9cee329e8"
  integrity sha512-l17HE9EweWaqJZhuUuNBN/FzM62xw+DECVnJyvMsxn8vJFAGLy5QfLDoYAcronkAN8VxKZHezDpulHDPx95vFw==

"@rolldown/binding-darwin-arm64@1.2.7":
  version "1.2.7"
  resolved "https://registry.yarnpkg.com/@rolldown/binding-darwin-arm64/-/binding-darwin-arm64-1.2.7.tgz#ff3858531df2592011c5ea19e7babadf22a036fa"
  integrity sha512-8ED8ELFvHXc6OCETIn4gXObPiaR6bckM/ipXtbzlPVDRMBfEGjCKgO90F9YtfdpDatVx/ZQw7aZ1vUMf/+T3Mw==

"@rolldown/binding-darwin-x64@1.2.7":
  version "1.2.7"
  resolved "https://registry.yarnpkg.com/@rolldown/binding-darwin-x64/-/binding-darwin-x64-1.2.7.tgz#7be480c60dfa230486e84ec43184803f7e172bae"
  integrity sha512-/WPripjtiAIZ2tWY7ddijORT0Ujg87wxWW/qcoFVCKAWVDPhtY0xr7Dj0M3GyNGz60jGwTElhro/mkF9dT7dDQ==

"@rolldown/binding-freebsd-x64@1.2.7":
  version "1.2.7"
  resolved "https://registry.yarnpkg.com/@rolldown/binding-freebsd-x64/-/binding-freebsd-x64-1.2.7.tgz#533b1b58623c6531baf78c3a911aed586c92fbcd"
  integrity sha512-14DI4NcqpvbICxSnGLx3PmtDaWqRP/KGSGb6C+JLLVPeZRl6dKdHba3pGsqT3vpdTqhEYIPG0MMQ8c0xYqoJxA==

"@rolldown/binding-linux-arm-gnueabihf@1.2.7":
  version "1.2.7"
  resolved "https://registry.yarnpkg.com/@rolldown/binding-linux-arm-gnueabihf/-/binding-linux-arm-gnueabihf-1.2.7.tgz#24806b5ca49eced31d8a8c98bfd7875942f08fc4"
  integrity sha512-bxrWIRvHWQvbJwi+VIie/kDJmQxcNE6xxWwZdqF/ExVAigtHkv54WTLQPb+QsZdnFy18fg7JPfWGL0RH6vwIlQ==

"@rolldown/binding-linux-arm64-gnu@1.2.7":
  version "1.2.7"
  resolved "https://registry.yarnpkg.com/@rolldown/binding-linux-arm64-gnu/-/binding-linux-arm64-gnu-1.2.7.tgz#7e73c4251887102a465f7940bb40cdb6c8f2315c"
  integrity sha512-toOY2BChBZyuxU7OYX6Tn389di4IzAqPTycVcci0O7FSfBqzRB3RZn+K5Is6ANf4tmgRd/K1yZTsNTXbkXsnLg==

"@rolldown/binding-linux-arm64-musl@1.2.7":
  version "1.2.7"
  resolved "https://registry.yarnpkg.com/@rolldown/binding-linux-arm64-musl/-/binding-linux-arm64-musl-1.2.7.tgz#f72f2ca9947916ae68fd790b36db1776c61b9c5d"
  integrity sha512-lAIXTH/aiLRLxsTgQvfhjo4K1ydWIp00+V0voOr9beb/9ZmkUFrSIb03dXNFRgMNvkE6oGsF10ioQ6UsI+vS5Q==

"@rolldown/binding-linux-ppc64-gnu@1.2.7":
  version "1.2.7"
  resolved "https://registry.yarnpkg.com/@rolldown/binding-linux-ppc64-gnu/-/binding-linux-ppc64-gnu-1.2.7.tgz#2a6bc86254e9f400476af7d4971b8cbc532bed1d"
  integrity sha512-kdnwS28Pkenp/mZMRwjXXXwxQ7pIsm+bF919LUK93BOyhcLsrVKdP2p9fxpiPNPAbNuch8ypQt0pm2P2LYCAGg==

"@rolldown/binding-linux-s390x-gnu@1.2.7":
  version "1.2.7"
  resolved "https://registry.yarnpkg.com/@rolldown/binding-linux-s390x-gnu/-/binding-linux-s390x-gnu-1.2.7.tgz#07888b936afa9336fdeacbbb2bfbf148e30f64ef"
  integrity sha512-516OdsyLdr5E65paF3yBF55t8mfm9+gmtCsK3xI7XKXIT7EfRlHhxL8K/NR6Hu8BWSgF5+1w74lTL0+nxcc8Qw==

"@rolldown/binding-linux-x64-gnu@1.2.7":
  version "1.2.7"
  resolved "https://registry.yarnpkg.com/@rolldown/binding-linux-x64-gnu/-/binding-linux-x64-gnu-1.2.7.tgz#c6a3811c9a09323f5ebd2d4fbb79465098e18459"
  integrity sha512-r8/z8n7GFaYRln3xmP1Cxy0HH/HLM0uBUPkEuSVEfKGDA89M0FsZRZJRSwe/tJjRx+fpH/gjorfhB8tmEbSFLA==

"@rolldown/binding-linux-x64-musl@1.2.7":
  version "1.2.7"
  resolved "https://registry.yarnpkg.com/@rolldown/binding-linux-x64-musl/-/binding-linux-x64-musl-1.2.7.tgz#ef16286f9d2c091263e65142d1f6204ab6fc4a3a"
  integrity sha512-pAsE8iiDxUg1xBqdhrTfg45AVDVpirjz00sblEYClGNNcMnDb+e8beQgqIAw6LvauX/APvgxUnwrgun/YYGBhw==

"@rolldown/binding-openharmony-arm64@1.2.7":
  version "1.2.7"
  resolved "https://registry.yarnpkg.com/@rolldown/binding-openharmony-arm64/-/binding-openharmony-arm64-1.2.7.tgz#e85c1f6cfed01fbf9e3b16c5159e32548b59a96d"
  integrity sha512-lTcIYmmnQQA8Or/2DatS6oSqcdLHvendjS+zLu+FwgToynWMRSmQdpM65fTANJgIS4mjbMOo5KT2lnT9SAb96w==

"@rolldown/binding-win32-arm64-msvc@1.2.7":
  version "1.2.7"
  resolved "https://registry.yarnpkg.com/@rolldown/binding-win32-arm64-msvc/-/binding-win32-arm64-msvc-1.2.7.tgz#833546f8b04904d1453ebdaf81ef8671f95ac926"
  integrity sha512-e3Gu3WxbNk/UqQhxqU7YIYO+9ZBvWNz3U+h/qRFosscMFzdRPbXYSaSWgSnklv2fz1TgzBTcti2z35c/7irsHw==

"@rolldown/binding-win32-x64-msvc@1.2.7":
  version "1.2.7"
  resolved "https://registry.yarnpkg.com/@rolldown/binding-win32-x64-msvc/-/binding-win32-x64-msvc-1.2.7.tgz#96186105008c63fd52b2ca9ed5ef5e74faf5907f"
  integrity sha512-W/jg5qoRSqjsEv0+dZi4e687mcHqmVuU0P4fK6qS/xjetW2Gmc1W8j//z5nAeNcC8Ttm0hV46IjcYeuVwYhuiw==

"@rolldown/pluginutils@^1.0.0":
  version "1.0.1"
  resolved "https://registry.yarnpkg.com/@rolldown/pluginutils/-/pluginutils-1.0.1.tgz#e3fcee093fbb5ce765e1ad088ff4de2889f6f9be"
  integrity sha512-2j9bGt5Jh8hj+vPtgzPtl72j0yRxHAyumoo6TNfAjsLB04UtpSvPbPcDcBMxz7n+9CYB0c1GxQFxYRg2jimqGw==

"@vitejs/plugin-vue@^2.3.4":
  version "2.3.4"
  resolved "https://registry.yarnpkg.com/@vitejs/plugin-vue/-/plugin-vue-2.3.4.tgz#966a6279060eb2d9d1a02ea1a331af071afdcf9e"
  integrity sha512-IfFNbtkbIm36O9KB8QodlwwYvTEsJb4Lll4c2IwB3VHc2gie2mSPtSzL0eYay7X2jd/2WX02FjSGTWR6OPr/zg==

"@volar/code-gen@0.40.13":
  version "0.40.13"
  resolved "https://registry.yarnpkg.com/@volar/code-gen/-/code-gen-0.40.13.tgz#cd69a67b11462b93d79ea2139f9f1e0a76e15111"
  integrity sha512-4gShBWuMce868OVvgyA1cU5WxHbjfEme18Tw6uVMfweZCF5fB2KECG0iPrA9D54vHk3FeHarODNwgIaaFfUBlA==
  dependencies:
    "@volar/source-map" "0.40.13"

"@volar/source-map@0.40.13":
  version "0.40.13"
  resolved "https://registry.yarnpkg.com/@volar/source-map/-/source-map-0.40.13.tgz#9acbc47614bbd8fa710d233d10fff1b18cb78a80"
  integrity sha512-dbdkAB2Nxb0wLjAY5O64o3ywVWlAGONnBIoKAkXSf6qkGZM+nJxcizsoiI66K+RHQG0XqlyvjDizfnTxr+6PWg==
  dependencies:
    "@vue/reactivity" "3.2.38"

"@volar/typescript-faster@0.40.13":
  version "0.40.13"
  resolved "https://registry.yarnpkg.com/@volar/typescript-faster/-/typescript-faster-0.40.13.tgz#5d9600333cc250ad53e8604ff6a2a32e4acfbc86"
  integrity sha512-uy+TlcFkKoNlKEnxA4x5acxdxLyVDIXGSc8cYDNXpPKjBKXrQaetzCzlO3kVBqu1VLMxKNGJMTKn35mo+ILQmw==
  dependencies:
    semver "^7.3.7"

"@volar/vue-language-core@0.40.13":
  version "0.40.13"
  resolved "https://registry.yarnpkg.com/@volar/vue-language-core/-/vue-language-core-0.40.13.tgz#13a79c29ef63d66a40afd1b29166404703b240c4"
  integrity sha512-QkCb8msi2KUitTdM6Y4kAb7/ZlEvuLcbBFOC2PLBlFuoZwyxvSP7c/dBGmKGtJlEvMX0LdCyrg5V2aBYxD38/Q==
  dependencies:
    "@volar/code-gen" "0.40.13"
    "@volar/source-map" "0.40.13"
    "@vue/compiler-core" "^3.2.38"
    "@vue/compiler-dom" "^3.2.38"
    "@vue/compiler-sfc" "^3.2.38"
    "@vue/reactivity" "^3.2.38"
    "@vue/shared" "^3.2.38"

"@volar/vue-typescript@0.40.13":
  version "0.40.13"
  resolved "https://registry.yarnpkg.com/@volar/vue-typescript/-/vue-typescript-0.40.13.tgz#50fe8e0965f4e14596eca57550b5ca13388c244c"
  integrity sha512-o7bNztwjs8JmbQjVkrnbZUOfm7q4B8ZYssETISN1tRaBdun6cfNqgpkvDYd+VUBh1O4CdksvN+5BUNnwAz4oCQ==
  dependencies:
    "@volar/code-gen" "0.40.13"
    "@volar/typescript-faster" "0.40.13"
    "@volar/vue-language-core" "0.40.13"

"@vue/compiler-core@3.2.47", "@vue/compiler-core@^3.2.38":
  version "3.2.47"
  resolved "https://registry.yarnpkg.com/@vue/compiler-core/-/compiler-core-3.2.47.tgz#3e07c684d74897ac9aa5922c520741f3029267f8"
  integrity sha512-p4D7FDnQb7+YJmO2iPEv0SQNeNzcbHdGByJDsT4lynf63AFkOTFN07HsiRSvjGo0QrxR/o3d0hUyNCUnBU2Tig==
  dependencies:
    "@babel/parser" "^7.16.4"
    "@vue/shared" "3.2.47"
    estree-walker "^2.0.2"
    source-map "^0.6.1"

"@vue/compiler-core@3.5.13":
  version "3.5.13"
  resolved "https://registry.yarnpkg.com/@vue/compiler-core/-/compiler-core-3.5.13.tgz#b0ae6c4347f60c03e849a05d34e5bf747c9bda05"
  integrity sha512-oOdAkwqUfW1WqpwSYJce06wvt6HljgY3fGeM9NcVA1HaYOij3mZG9Rkysn0OHuyUAGMbEbARIpsG+LPVlBJ5/Q==
  dependencies:
    "@babel/parser" "^7.25.3"
    "@vue/shared" "3.5.13"
    entities "^4.5.0"
    estree-walker "^2.0.2"
    source-map-js "^1.2.0"

"@vue/compiler-dom@3.2.47", "@vue/compiler-dom@^3.2.38":
  version "3.2.47"
  resolved "https://registry.yarnpkg.com/@vue/compiler-dom/-/compiler-dom-3.2.47.tgz#a0b06caf7ef7056939e563dcaa9cbde30794f305"
  integrity sha512-dBBnEHEPoftUiS03a4ggEig74J2YBZ2UIeyfpcRM2tavgMWo4bsEfgCGsu+uJIL/vax9S+JztH8NmQerUo7shQ==
  dependencies:
    "@vue/compiler-core" "3.2.47"
    "@vue/shared" "3.2.47"

"@vue/compiler-dom@3.5.13":
  version "3.5.13"
  resolved "https://registry.yarnpkg.com/@vue/compiler-dom/-/compiler-dom-3.5.13.tgz#bb1b8758dbc542b3658dda973b98a1c9311a8a58"
  integrity sha512-ZOJ46sMOKUjO3e94wPdCzQ6P1Lx/vhp2RSvfaab88Ajexs0AHeV0uasYhi99WPaogmBlRHNRuly8xV75cNTMDA==
  dependencies:
    "@vue/compiler-core" "3.5.13"
    "@vue/shared" "3.5.13"

"@vue/compiler-sfc@3.5.13":
  version "3.5.13"
  resolved "https://registry.yarnpkg.com/@vue/compiler-sfc/-/compiler-sfc-3.5.13.tgz#461f8bd343b5c06fac4189c4fef8af32dea82b46"
  integrity sha512-6VdaljMpD82w6c2749Zhf5T9u5uLBWKnVue6XWxprDobftnletJ8+oel7sexFfM3qIxNmVE7LSFGTpv6obNyaQ==
  dependencies:
    "@babel/parser" "^7.25.3"
    "@vue/compiler-core" "3.5.13"
    "@vue/compiler-dom" "3.5.13"
    "@vue/compiler-ssr" "3.5.13"
    "@vue/shared" "3.5.13"
    estree-walker "^2.0.2"
    magic-string "^0.30.11"
    postcss "^8.4.48"
    source-map-js "^1.2.0"

"@vue/compiler-sfc@^3.2.38":
  version "3.2.47"
  resolved "https://registry.yarnpkg.com/@vue/compiler-sfc/-/compiler-sfc-3.2.47.tgz#1bdc36f6cdc1643f72e2c397eb1a398f5004ad3d"
  integrity sha512-rog05W+2IFfxjMcFw10tM9+f7i/+FFpZJJ5XHX72NP9eC2uRD+42M3pYcQqDXVYoj74kHMSEdQ/WmCjt8JFksQ==
  dependencies:
    "@babel/parser" "^7.16.4"
    "@vue/compiler-core" "3.2.47"
    "@vue/compiler-dom" "3.2.47"
    "@vue/compiler-ssr" "3.2.47"
    "@vue/reactivity-transform" "3.2.47"
    "@vue/shared" "3.2.47"
    estree-walker "^2.0.2"
    magic-string "^0.25.7"
    postcss "^8.1.10"
    source-map "^0.6.1"

"@vue/compiler-ssr@3.2.47":
  version "3.2.47"
  resolved "https://registry.yarnpkg.com/@vue/compiler-ssr/-/compiler-ssr-3.2.47.tgz#35872c01a273aac4d6070ab9d8da918ab13057ee"
  integrity sha512-wVXC+gszhulcMD8wpxMsqSOpvDZ6xKXSVWkf50Guf/S+28hTAXPDYRTbLQ3EDkOP5Xz/+SY37YiwDquKbJOgZw==
  dependencies:
    "@vue/compiler-dom" "3.2.47"
    "@vue/shared" "3.2.47"

"@vue/compiler-ssr@3.5.13":
  version "3.5.13"
  resolved "https://registry.yarnpkg.com/@vue/compiler-ssr/-/compiler-ssr-3.5.13.tgz#e771adcca6d3d000f91a4277c972a996d07f43ba"
  integrity sha512-wMH6vrYHxQl/IybKJagqbquvxpWCuVYpoUJfCqFZwa/JY1GdATAQ+TgVtgrwwMZ0D07QhA99rs/EAAWfvG6KpA==
  dependencies:
    "@vue/compiler-dom" "3.5.13"
    "@vue/shared" "3.5.13"

"@vue/reactivity-transform@3.2.47":
  version "3.2.47"
  resolved "https://registry.yarnpkg.com/@vue/reactivity-transform/-/reactivity-transform-3.2.47.tgz#e45df4d06370f8abf29081a16afd25cffba6d84e"
  integrity sha512-m8lGXw8rdnPVVIdIFhf0LeQ/ixyHkH5plYuS83yop5n7ggVJU+z5v0zecwEnX7fa7HNLBhh2qngJJkxpwEEmYA==
  dependencies:
    "@babel/parser" "^7.16.4"
    "@vue/compiler-core" "3.2.47"
    "@vue/shared" "3.2.47"
    estree-walker "^2.0.2"
    magic-string "^0.25.7"

"@vue/reactivity@3.2.38":
  version "3.2.38"
  resolved "https://registry.yarnpkg.com/@vue/reactivity/-/reactivity-3.2.38.tgz#d576fdcea98eefb96a1f1ad456e289263e87292e"
  integrity sha512-6L4myYcH9HG2M25co7/BSo0skKFHpAN8PhkNPM4xRVkyGl1K5M3Jx4rp5bsYhvYze2K4+l+pioN4e6ZwFLUVtw==
  dependencies:
    "@vue/shared" "3.2.38"

"@vue/reactivity@3.5.13":
  version "3.5.13"
  resolved "https://registry.yarnpkg.com/@vue/reactivity/-/reactivity-3.5.13.tgz#b41ff2bb865e093899a22219f5b25f97b6fe155f"
  integrity sha512-NaCwtw8o48B9I6L1zl2p41OHo/2Z4wqYGGIK1Khu5T7yxrn+ATOixn/Udn2m+6kZKB/J7cuT9DbWWhRxqixACg==
  dependencies:
    "@vue/shared" "3.5.13"

"@vue/reactivity@^3.2.38":
  version "3.2.47"
  resolved "https://registry.yarnpkg.com/@vue/reactivity/-/reactivity-3.2.47.tgz#1d6399074eadfc3ed35c727e2fd707d6881140b6"
  integrity sha512-7khqQ/75oyyg+N/e+iwV6lpy1f5wq759NdlS1fpAhFXa8VeAIKGgk2E/C4VF59lx5b+Ezs5fpp/5WsRYXQiKxQ==
  dependencies:
    "@vue/shared" "3.2.47"

"@vue/runtime-core@3.5.13":
  version "3.5.13"
  resolved "https://registry.yarnpkg.com/@vue/runtime-core/-/runtime-core-3.5.13.tgz#1fafa4bf0b97af0ebdd9dbfe98cd630da363a455"
  integrity sha512-Fj4YRQ3Az0WTZw1sFe+QDb0aXCerigEpw418pw1HBUKFtnQHWzwojaukAs2X/c9DQz4MQ4bsXTGlcpGxU/RCIw==
  dependencies:
    "@vue/reactivity" "3.5.13"
    "@vue/shared" "3.5.13"

"@vue/runtime-dom@3.5.13":
  version "3.5.13"
  resolved "https://registry.yarnpkg.com/@vue/runtime-dom/-/runtime-dom-3.5.13.tgz#610fc795de9246300e8ae8865930d534e1246215"
  integrity sha512-dLaj94s93NYLqjLiyFzVs9X6dWhTdAlEAciC3Moq7gzAc13VJUdCnjjRurNM6uTLFATRHexHCTu/Xp3eW6yoog==
  dependencies:
    "@vue/reactivity" "3.5.13"
    "@vue/runtime-core" "3.5.13"
    "@vue/shared" "3.5.13"
    csstype "^3.1.3"

"@vue/server-renderer@3.5.13":
  version "3.5.13"
  resolved "https://registry.yarnpkg.com/@vue/server-renderer/-/server-renderer-3.5.13.tgz#429ead62ee51de789646c22efe908e489aad46f7"
  integrity sha512-wAi4IRJV/2SAW3htkTlB+dHeRmpTiVIK1OGLWV1yeStVSebSQQOwGwIq0D3ZIoBj2C2qpgz5+vX9iEBkTdk5YA==
  dependencies:
    "@vue/compiler-ssr" "3.5.13"
    "@vue/shared" "3.5.13"

"@vue/shared@3.2.38":
  version "3.2.38"
  resolved "https://registry.yarnpkg.com/@vue/shared/-/shared-3.2.38.tgz#e823f0cb2e85b6bf43430c0d6811b1441c300f3c"
  integrity sha512-dTyhTIRmGXBjxJE+skC8tTWCGLCVc4wQgRRLt8+O9p5ewBAjoBwtCAkLPrtToSr1xltoe3st21Pv953aOZ7alg==

"@vue/shared@3.2.47", "@vue/shared@^3.2.38":
  version "3.2.47"
  resolved "https://registry.yarnpkg.com/@vue/shared/-/shared-3.2.47.tgz#e597ef75086c6e896ff5478a6bfc0a7aa4bbd14c"
  integrity sha512-BHGyyGN3Q97EZx0taMQ+OLNuZcW3d37ZEVmEAyeoA9ERdGvm9Irc/0Fua8SNyOtV1w6BS4q25wbMzJujO9HIfQ==

"@vue/shared@3.5.13":
  version "3.5.13"
  resolved "https://registry.yarnpkg.com/@vue/shared/-/shared-3.5.13.tgz#87b309a6379c22b926e696893237826f64339b6f"
  integrity sha512-/hnE/qP5ZoGpol0a5mDi45bOd7t3tjYJBjsgCsivow7D48cJeV5l05RD82lPqi7gRiphZM37rnhW1l6ZoCNNnQ==

csstype@^3.1.3:
  version "3.1.3"
  resolved "https://registry.yarnpkg.com/csstype/-/csstype-3.1.3.tgz#d80ff294d114fb0e6ac500fbf85b60137d7eff81"
  integrity sha512-M1uQkMl8rQK/szD0LNhtqxIPLpimGm8sOBwU7lLnCpSbTyY3yeU1Vc7l4KT5zT4s/yOxHH5O7tIuuLOCnLADRw==

detect-libc@^2.0.3:
  version "2.1.2"
  resolved "https://registry.yarnpkg.com/detect-libc/-/detect-libc-2.1.2.tgz#689c5dcdc1900ef5583a4cb9f6d7b473742074ad"
  integrity sha512-Btj2BOOO83o3WyH59e8MgXsxEQVcarkUOpEYrubB0urwnN10yQ364rsiByU11nZlqWYZm05i/of7io4mzihBtQ==

entities@^4.5.0:
  version "4.5.0"
  resolved "https://registry.yarnpkg.com/entities/-/entities-4.5.0.tgz#5d268ea5e7113ec74c4d033b79ea5a35a488fb48"
  integrity sha512-V0hjH4dGPh9Ao5p0MoRY6BVqtwCjhz6vI5LT8AJ55H+4g9/4vbHx1I54fS0XuclLhDHArPQCiMjDxjaL8fPxhw==

estree-walker@^2.0.2:
  version "2.0.2"
  resolved "https://registry.yarnpkg.com/estree-walker/-/estree-walker-2.0.2.tgz#52f010178c2a4c117a7757cfe942adb7d2da4cac"
  integrity sha512-Rfkk/Mp/DL7JVje3u18FxFujQlTNR2q6QfMSMB7AvCBx91NGj/ba3kCfza0f6dVDbw7YlRf/nDrn7pQrCCyQ/w==

fdir@^6.5.0:
  version "6.5.0"
  resolved "https://registry.yarnpkg.com/fdir/-/fdir-6.5.0.tgz#ed2ab967a331ade62f18d077dae192684d50d350"
  integrity sha512-tIbYtZbucOs0BRGqPJkshJUYdL+SDH7dVM8gjy+ERp3WAUjLEFJE+02kanyHtwjWOnwrKYBiwAmM0p4kLJAnXg==

fsevents@~2.3.3:
  version "2.3.3"
  resolved "https://registry.yarnpkg.com/fsevents/-/fsevents-2.3.3.tgz#cac6407785d03675a2a5e1a5305c697b347d90d6"
  integrity sha512-5xoDfX+fL7faATnagmWPpbFtwh/R77WmMMqqHGS65C3vvB0YHrgF+B1YmZ3441tMj5n63k0212XNoJwzlhffQw==

lightningcss-android-arm64@1.33.0:
  version "1.33.0"
  resolved "https://registry.yarnpkg.com/lightningcss-android-arm64/-/lightningcss-android-arm64-1.33.0.tgz#9a6841f88ae50fc83502903892b41af41bc2b907"
  integrity sha512-gEpRTalKdosp4Bb8qWtc2iOgE5SeIHlpS1up9bFq2wAyYhl1UdTObYiHe98zEM9SQvSoqQZ1IQD0JNpg3Ml5pg==

lightningcss-darwin-arm64@1.33.0:
  version "1.33.0"
  resolved "https://registry.yarnpkg.com/lightningcss-darwin-arm64/-/lightningcss-darwin-arm64-1.33.0.tgz#c0f2c31c0bfd19fa4dd3f18e957a1f1a152097d6"
  integrity sha512-Sciaz8eenNTKn9b3t7+xr0ipTp9YxKQY4npwQ3mrRuL0BAVHBLyZxofhaKBAVtzmtRZ/zTyo0/to4B1uWG/Djg==

lightningcss-darwin-x64@1.33.0:
  version "1.33.0"
  resolved "https://registry.yarnpkg.com/lightningcss-darwin-x64/-/lightningcss-darwin-x64-1.33.0.tgz#cb0705965acb538c6683949ce6925fb3cdf7c361"
  integrity sha512-Z5UPAxzrjlWNNyGy6i65cJzzvgJ5D3T6wMvs+gWpY9d7qRhANrxqAp6LhxIgZhWEw18RfJTGcRxjuLIBr+m8XQ==

lightningcss-freebsd-x64@1.33.0:
  version "1.33.0"
  resolved "https://registry.yarnpkg.com/lightningcss-freebsd-x64/-/lightningcss-freebsd-x64-1.33.0.tgz#763538828b26bab2680dadafcc84ee78b0eb502b"
  integrity sha512-QQM/Ti/hQajJwCY+RiWuCZ9sdtI/XQk7nDK5vC8kkdwixezOlDgvDx7+RT+QjK6FcFT4MpsuoBnHIo/O3StRRg==

lightningcss-linux-arm-gnueabihf@1.33.0:
  version "1.33.0"
  resolved "https://registry.yarnpkg.com/lightningcss-linux-arm-gnueabihf/-/lightningcss-linux-arm-gnueabihf-1.33.0.tgz#6862e3176a331aedbdec1ed352b4d7d0dd0784de"
  integrity sha512-N7FVBe6iS24MlM6R/4RBTxGhQheZGs7tiQ9U32UtF75NzP5Q7xWPRqLBCKxlRQRk3rY1jCIPLzx7WzOhuUIRLQ==

lightningcss-linux-arm64-gnu@1.33.0:
  version "1.33.0"
  resolved "https://registry.yarnpkg.com/lightningcss-linux-arm64-gnu/-/lightningcss-linux-arm64-gnu-1.33.0.tgz#c6a3a2ed15141daf6bdc2628930f8e39bdf473aa"
  integrity sha512-j2v/itmy4HlNxlc6voKXYgBqNi0Ng2LShg4z7GufpEgs05P+2suBVyi9I6YHq5uoVFx9ETin3eCEhLVyXGQnKg==

lightningcss-linux-arm64-musl@1.33.0:
  version "1.33.0"
  resolved "https://registry.yarnpkg.com/lightningcss-linux-arm64-musl/-/lightningcss-linux-arm64-musl-1.33.0.tgz#7fa1334971fc82845f9827df6ef8a0b20914bac6"
  integrity sha512-yiO5ROMuYQgXbC60yjZU5CYSFZGKXL0HFATXt9mHJn1+zW55oCtMI9NfcVhYLMFDL7gV7oBPon/EmMMGg2OvtQ==

lightningcss-linux-x64-gnu@1.33.0:
  version "1.33.0"
  resolved "https://registry.yarnpkg.com/lightningcss-linux-x64-gnu/-/lightningcss-linux-x64-gnu-1.33.0.tgz#8b927862ea8c2bbc6831a46509244b50d9936e55"
  integrity sha512-ar+Ju7LmcN0Jo4FpL4hpFybwNG9/3A/Br5KW2n2jyODg3MEZXaDYADdemoNS+BDNfMgKvylJLj4S5tyRActuAg==

lightningcss-linux-x64-musl@1.33.0:
  version "1.33.0"
  resolved "https://registry.yarnpkg.com/lightningcss-linux-x64-musl/-/lightningcss-linux-x64-musl-1.33.0.tgz#0c525bb077dfd94404c059cfe42dad797e96aeaf"
  integrity sha512-RYiYbkokw0trfKqqzfF55lginwEPrD3OJDfTuJzFs1MK6iFnDenaz1fqLLtX4ITG3OktJQXOeTaw1awrBAlZPw==

lightningcss-win32-arm64-msvc@1.33.0:
  version "1.33.0"
  resolved "https://registry.yarnpkg.com/lightningcss-win32-arm64-msvc/-/lightningcss-win32-arm64-msvc-1.33.0.tgz#850ee1103dac989cfab50e3ac22d1a69e394e63d"
  integrity sha512-1K+MPfLSFVpphzpdbfkhlWk6wBrTObBzS2T6db10PNOZgR9GoVsAWzwNyuhUYYbTp23j+4RrncfujZ4uAzXvwA==

lightningcss-win32-x64-msvc@1.33.0:
  version "1.33.0"
  resolved "https://registry.yarnpkg.com/lightningcss-win32-x64-msvc/-/lightningcss-win32-x64-msvc-1.33.0.tgz#e343ae152eed3609dc6e11949d1a3bf39a1c946f"
  integrity sha512-OlEICDx/Xl0FqSp4bry8zFnCvGpig3Gl4gCquvYwHuqJKEC1+n9NgDniFvqHGmMv1ZkqDJrDqKKSykTDX+ehuA==

lightningcss@^1.33.0:
  version "1.33.0"
  resolved "https://registry.yarnpkg.com/lightningcss/-/lightningcss-1.33.0.tgz#c08867d71a79385c6e190214fd72fef3e5f95f0b"
  integrity sha512-WkUDrojuJs0xkgGf2udWxa3yGBRxPtxUkB79i6aCZLRgc7PM8fZe9TosfPDcvEpQZbuFASnHYmRLBLUbmLOIIA==
  dependencies:
    detect-libc "^2.0.3"
  optionalDependencies:
    lightningcss-android-arm64 "1.33.0"
    lightningcss-darwin-arm64 "1.33.0"
    lightningcss-darwin-x64 "1.33.0"
    lightningcss-freebsd-x64 "1.33.0"
    lightningcss-linux-arm-gnueabihf "1.33.0"
    lightningcss-linux-arm64-gnu "1.33.0"
    lightningcss-linux-arm64-musl "1.33.0"
    lightningcss-linux-x64-gnu "1.33.0"
    lightningcss-linux-x64-musl "1.33.0"
    lightningcss-win32-arm64-msvc "1.33.0"
    lightningcss-win32-x64-msvc "1.33.0"

lru-cache@^6.0.0:
  version "6.0.0"
  resolved "https://registry.yarnpkg.com/lru-cache/-/lru-cache-6.0.0.tgz#6d6fe6570ebd96aaf90fcad1dafa3b2566db3a94"
  integrity sha512-Jo6dJ04CmSjuznwJSS3pUeWmd/H0ffTlkXXgwZi+eq1UCmqQwCh+eLsYOYCwY991i2Fah4h1BEMCx4qThGbsiA==
  dependencies:
    yallist "^4.0.0"

magic-string@^0.25.7:
  version "0.25.7"
  resolved "https://registry.yarnpkg.com/magic-string/-/magic-string-0.25.7.tgz#3f497d6fd34c669c6798dcb821f2ef31f5445051"
  integrity sha512-4CrMT5DOHTDk4HYDlzmwu4FVCcIYI8gauveasrdCu2IKIFOJ3f0v/8MDGJCDL9oD2ppz/Av1b0Nj345H9M+XIA==
  dependencies:
    sourcemap-codec "^1.4.4"

magic-string@^0.30.11:
  version "0.30.11"
  resolved "https://registry.yarnpkg.com/magic-string/-/magic-string-0.30.11.tgz#301a6f93b3e8c2cb13ac1a7a673492c0dfd12954"
  integrity sha512-+Wri9p0QHMy+545hKww7YAu5NyzF8iomPL/RQazugQ9+Ez4Ic3mERMd8ZTX5rfK944j+560ZJi8iAwgak1Ac7A==
  dependencies:
    "@jridgewell/sourcemap-codec" "^1.5.0"

moment@^2.30.1:
  version "2.30.1"
  resolved "https://registry.yarnpkg.com/moment/-/moment-2.30.1.tgz#f8c91c07b7a786e30c59926df530b4eac96974ae"
  integrity sha512-uEmtNhbDOrWPFS+hdjFCBfy9f2YoyzRpwcl+DqpC6taX21FzsTLQVbMV/W7PzNSX6x/bhC1zA3c2UQ5NzH6how==

nanoid@^3.2.0:
  version "3.2.0"
  resolved "https://registry.yarnpkg.com/nanoid/-/nanoid-3.2.0.tgz#62667522da6673971cca916a6d3eff3f415ff80c"
  integrity sha512-fmsZYa9lpn69Ad5eDn7FMcnnSR+8R34W9qJEijxYhTbfOWzr22n1QxCMzXLK+ODyW2973V3Fux959iQoUxzUIA==

nanoid@^3.3.18:
  version "3.3.18"
  resolved "https://registry.yarnpkg.com/nanoid/-/nanoid-3.3.18.tgz#f66a2de1199ffde0fcf21c8a5f13106b1c081913"
  integrity sha512-DTg4MJbGMWkfi6VZFdNt2/caMbQy4Ou+Op/hJQvGEWcnVfoA1QA+xzRKAzw9jD6+GVOOeYr/mIcuDSdug6F6+w==

nanoid@^3.3.7:
  version "3.3.7"
  resolved "https://registry.yarnpkg.com/nanoid/-/nanoid-3.3.7.tgz#d0c301a691bc8d54efa0a2226ccf3fe2fd656bd8"
  integrity sha512-eSRppjcPIatRIMC1U6UngP8XFcz8MQWGQdt1MTBQ7NaAmvXDfvNxbvWV3x2y6CdEUciCSsDHDQZbhYaB8QEo2g==

picocolors@^1.0.0:
  version "1.0.0"
  resolved "https://registry.yarnpkg.com/picocolors/-/picocolors-1.0.0.tgz#cb5bdc74ff3f51892236eaf79d68bc44564ab81c"
  integrity sha512-1fygroTLlHu66zi26VoTDv8yRgm0Fccecssto+MhsZ0D/DGW2sm8E8AjW7NU5VVTRt5GxbeZ5qBuJr+HyLYkjQ==

picocolors@^1.1.1:
  version "1.1.1"
  resolved "https://registry.yarnpkg.com/picocolors/-/picocolors-1.1.1.tgz#3d321af3eab939b083c8f929a1d12cda81c26b6b"
  integrity sha512-xceH2snhtb5M9liqDsmEw56le376mTZkEX/jEb/RxNFyegNul7eNslCXP9FDj/Lcu0X8KEyMceP2ntpaHrDEVA==

picomatch@^4.0.4, picomatch@^4.0.5:
  version "4.0.7"
  resolved "https://registry.yarnpkg.com/picomatch/-/picomatch-4.0.7.tgz#6313360034ccb36b3dc61ecbdff78121f90fe21f"
  integrity sha512-qcJu88Q2IWqJsDD529JKMdwGm/dvInW4HvQnRwiH9JtihJvzGOscDtHE3x1pBKeUOTysQ8kVmLnJ2kJu7yhcGA==

postcss@^8.1.10:
  version "8.4.6"
  resolved "https://registry.yarnpkg.com/postcss/-/postcss-8.4.6.tgz#c5ff3c3c457a23864f32cb45ac9b741498a09ae1"
  integrity sha512-OovjwIzs9Te46vlEx7+uXB0PLijpwjXGKXjVGGPIGubGpq7uh5Xgf6D6FiJ/SzJMBosHDp6a2hiXOS97iBXcaA==
  dependencies:
    nanoid "^3.2.0"
    picocolors "^1.0.0"
    source-map-js "^1.0.2"

postcss@^8.4.48:
  version "8.4.49"
  resolved "https://registry.yarnpkg.com/postcss/-/postcss-8.4.49.tgz#4ea479048ab059ab3ae61d082190fabfd994fe19"
  integrity sha512-OCVPnIObs4N29kxTjzLfUryOkvZEq+pf8jTF0lg8E7uETuWHA+v7j3c/xJmiqpX450191LlmZfUKkXxkTry7nA==
  dependencies:
    nanoid "^3.3.7"
    picocolors "^1.1.1"
    source-map-js "^1.2.1"

postcss@^8.5.26:
  version "8.5.28"
  resolved "https://registry.yarnpkg.com/postcss/-/postcss-8.5.28.tgz#da4563a99a06e62d6c1cd1acae363224bcaed6e9"
  integrity sha512-RRuzqDtt5Y9h3quz5hWhK+TPnsmVs6WwSU6LkJMeY4HstUEDuYTG8UJSdawMRzmzAtV+KEoG8N3Qg2qLy5vM/A==
  dependencies:
    nanoid "^3.3.18"
    picocolors "^1.1.1"
    source-map-js "^1.2.1"

rolldown@~1.2.4:
  version "1.2.7"
  resolved "https://registry.yarnpkg.com/rolldown/-/rolldown-1.2.7.tgz#bcfc48430431356f95fdf399fa404298e78f4740"
  integrity sha512-g0EtLvBjTUB7jhyV0S/TCup3v/XSVl45vUIGbOGU4QPiyjTenCe4mKuFvW9fEgYmS2Fo42AUssRmNuMziXdrig==
  dependencies:
    "@oxc-project/types" "=0.148.0"
    "@rolldown/pluginutils" "^1.0.0"
  optionalDependencies:
    "@rolldown/binding-android-arm-eabi" "1.2.7"
    "@rolldown/binding-android-arm64" "1.2.7"
    "@rolldown/binding-darwin-arm64" "1.2.7"
    "@rolldown/binding-darwin-x64" "1.2.7"
    "@rolldown/binding-freebsd-x64" "1.2.7"
    "@rolldown/binding-linux-arm-gnueabihf" "1.2.7"
    "@rolldown/binding-linux-arm64-gnu" "1.2.7"
    "@rolldown/binding-linux-arm64-musl" "1.2.7"
    "@rolldown/binding-linux-ppc64-gnu" "1.2.7"
    "@rolldown/binding-linux-s390x-gnu" "1.2.7"
    "@rolldown/binding-linux-x64-gnu" "1.2.7"
    "@rolldown/binding-linux-x64-musl" "1.2.7"
    "@rolldown/binding-openharmony-arm64" "1.2.7"
    "@rolldown/binding-win32-arm64-msvc" "1.2.7"
    "@rolldown/binding-win32-x64-msvc" "1.2.7"

semver@^7.3.7:
  version "7.3.8"
  resolved "https://registry.yarnpkg.com/semver/-/semver-7.3.8.tgz#07a78feafb3f7b32347d725e33de7e2a2df67798"
  integrity sha512-NB1ctGL5rlHrPJtFDVIVzTyQylMLu9N9VICA6HSFJo8MCGVTMW6gfpicwKmmK/dAjTOrqu5l63JJOpDSrAis3A==
  dependencies:
    lru-cache "^6.0.0"

source-map-js@^1.0.2:
  version "1.0.2"
  resolved "https://registry.yarnpkg.com/source-map-js/-/source-map-js-1.0.2.tgz#adbc361d9c62df380125e7f161f71c826f1e490c"
  integrity sha512-R0XvVJ9WusLiqTCEiGCmICCMplcCkIwwR11mOSD9CR5u+IXYdiseeEuXCVAjS54zqwkLcPNnmU4OeJ6tUrWhDw==

source-map-js@^1.2.0:
  version "1.2.0"
  resolved "https://registry.yarnpkg.com/source-map-js/-/source-map-js-1.2.0.tgz#16b809c162517b5b8c3e7dcd315a2a5c2612b2af"
  integrity sha512-itJW8lvSA0TXEphiRoawsCksnlf8SyvmFzIhltqAHluXd88pkCd+cXJVHTDwdCr0IzwptSm035IHQktUu1QUMg==

source-map-js@^1.2.1:
  version "1.2.1"
  resolved "https://registry.yarnpkg.com/source-map-js/-/source-map-js-1.2.1.tgz#1ce5650fddd87abc099eda37dcff024c2667ae46"
  integrity sha512-UXWMKhLOwVKb728IUtQPXxfYU+usdybtUrK/8uGE8CQMvrhOpwvzDBwj0QhSL7MQc7vIsISBG8VQ8+IDQxpfQA==

source-map@^0.6.1:
  version "0.6.1"
  resolved "https://registry.yarnpkg.com/source-map/-/source-map-0.6.1.tgz#74722af32e9614e9c287a8d0bbde48b5e2f1a263"
  integrity sha512-UjgapumWlbMhkBgzT7Ykc5YXUT46F0iKu8SGXq0bcwP5dz/h0Plj6enJqjz1Zbq2l5WaqYnrVbwWOWMyF3F47g==

sourcemap-codec@^1.4.4:
  version "1.4.8"
  resolved "https://registry.yarnpkg.com/sourcemap-codec/-/sourcemap-codec-1.4.8.tgz#ea804bd94857402e6992d05a38ef1ae35a9ab4c4"
  integrity sha512-9NykojV5Uih4lgo5So5dtw+f0JgJX30KCNI8gwhz2J9A15wD0Ml6tjHKwf6fTSa6fAdVBdZeNOs9eJ71qCk8vA==

tinyglobby@^0.2.17:
  version "0.2.17"
  resolved "https://registry.yarnpkg.com/tinyglobby/-/tinyglobby-0.2.17.tgz#562a9a6c9eb2b3b123d39719f9af5bb44fcd7631"
  integrity sha512-wXR/dYpcqKmfWpEdZjiKJOwCNFndD0DMnrW/cYjVGttEkBfVgcLFHoNrlj47mjOVic9yyNu65alsgF4NQyTa2g==
  dependencies:
    fdir "^6.5.0"
    picomatch "^4.0.4"

to-fast-properties@^2.0.0:
  version "2.0.0"
  resolved "https://registry.yarnpkg.com/to-fast-properties/-/to-fast-properties-2.0.0.tgz#dc5e698cbd079265bc73e0377681a4e4e83f616e"
  integrity sha512-/OaKK0xYrs3DmxRYqL/yDc+FxFUVYhDlXMhRmv3z915w2HF1tnN1omB354j8VUGO/hbRzyD6Y3sA7v7GS/ceog==

typescript@^4.9.5:
  version "4.9.5"
  resolved "https://registry.yarnpkg.com/typescript/-/typescript-4.9.5.tgz#095979f9bcc0d09da324d58d03ce8f8374cbe65a"
  integrity sha512-1FXk9E2Hm+QzZQ7z+McJiHL4NW1F2EzMu9Nq9i3zAaGqibafqYwCVU6WyWAuyQRRzOlxou8xZSyXLEN8oKj24g==

vite@^8.2.2:
  version "8.2.2"
  resolved "https://registry.yarnpkg.com/vite/-/vite-8.2.2.tgz#399aefad3656145145be110d137a07ea5bb55014"
  integrity sha512-cFKLV/PRgAUlIRm5WjMjJ86jrftzpqcgH+Us+DS8mI3CDNiH30Whrz8uHL3+MOLPAgqbMBAqWdAHAphOAM+z/Q==
  dependencies:
    lightningcss "^1.33.0"
    picomatch "^4.0.5"
    postcss "^8.5.26"
    rolldown "~1.2.4"
    tinyglobby "^0.2.17"
  optionalDependencies:
    fsevents "~2.3.3"

vue-tsc@^0.40.13:
  version "0.40.13"
  resolved "https://registry.yarnpkg.com/vue-tsc/-/vue-tsc-0.40.13.tgz#0a193014f7cadb47459cf0809ce3953b74a1348c"
  integrity sha512-xzuN3g5PnKfJcNrLv4+mAjteMd5wLm5fRhW0034OfNJZY4WhB07vhngea/XeGn7wNYt16r7syonzvW/54dcNiA==
  dependencies:
    "@volar/vue-language-core" "0.40.13"
    "@volar/vue-typescript" "0.40.13"

vue@^3.5.13:
  version "3.5.13"
  resolved "https://registry.yarnpkg.com/vue/-/vue-3.5.13.tgz#9f760a1a982b09c0c04a867903fc339c9f29ec0a"
  integrity sha512-wmeiSMxkZCSc+PM2w2VRsOYAZC8GdipNFRTsLSfodVqI9mbejKeXEGr8SckuLnrQPGe3oJN5c3K0vpoU9q/wCQ==
  dependencies:
    "@vue/compiler-dom" "3.5.13"
    "@vue/compiler-sfc" "3.5.13"
    "@vue/runtime-dom" "3.5.13"
    "@vue/server-renderer" "3.5.13"
    "@vue/shared" "3.5.13"

yallist@^4.0.0:
  version "4.0.0"
  resolved "https://registry.yarnpkg.com/yallist/-/yallist-4.0.0.tgz#9bb92790d9c0effec63be73519e11a35019a3a72"
  integrity sha512-3wdGidZyq5PB084XLES5TpOSRA3wjXAlIWMhum2kRcv/41Sn2emQ0dycQW4uZXLejwKvg6EsvbdlVL+FYEct7A==
